{
  "lockfileVersion": 1,
  "configVersion": 1,
  "workspaces": {
    "": {
      "name": "@vincle/vincle",
      "devDependencies": {
        "@oxc-project/types": "0.92.0",
        "bun": "1.3.0",
        "lefthook": "1.13.4",
        "lint-staged": "16.2.0",
        "oxc-parser": "0.92.0",
        "oxc-transform": "0.92.0",
        "oxfmt": "0.13.0",
        "oxlint": "1.28.0",
        "turbo": "2.6.1",
      },
      "peerDependencies": {
        "typescript": "6.0.2",
      },
    },
  },
  "catalog": {
    "@types/bun": "1.3.0",
    "@types/react": "19.1.10",
    "@typescript-eslint/parser": "8.56.0",
    "@typescript-eslint/rule-tester": "8.56.0",
    "@typescript-eslint/utils": "8.56.0",
    "@vincle/core": "workspace:*",
    "@vincle/eslint-plugin": "workspace:*",
    "@vincle/flow": "workspace:*",
    "@vincle/precompile-core": "workspace:*",
    "@vincle/vite-plugin": "workspace:*",
    "@vincle/vite-plugin-precompile": "workspace:*",
    "bun": "1.3.0",
    "eslint": "10.0.0",
    "tsdown": "0.14.1",
    "typescript": "6.0.2",
    "vite": "6.4.2",
    "vite-plugin-dts": "5",
  },
  "packages": {
    "@emnapi/core": ["@emnapi/core@1.11.3", "", { "dependencies": { "@emnapi/wasi-threads": "1.2.3", "tslib": "^2.4.0" } }, "sha512-zLpS5asjEb7lq8jYLq37N6XKaE41DIexlY1rF/z4/tIl3wo13Sqm28fRyfIsKZD+NZ8mM5RoKkpW/rBcuoSZSg=="],

    "@emnapi/runtime": ["@emnapi/runtime@1.11.3", "", { "dependencies": { "tslib": "^2.4.0" } }, "sha512-Xz4Tpyki7XyrpbUK1jR1AhdAdaXyhhY4lZ3neLodmhpuWfy2PAQN5B46sAiU4liOXGLkHypn/qU+jvfWSCYYLA=="],

    "@emnapi/wasi-threads": ["@emnapi/wasi-threads@1.2.3", "", { "dependencies": { "tslib": "^2.4.0" } }, "sha512-ELEBe8PsLvvJ6QMr0zLt8ffvOHW/dc1m3CEzNMg7aJUv3bMaoDtw2TXyDAwkYBuroxxuHEwhRTLJSe5sya547g=="],

    "@napi-rs/wasm-runtime": ["@napi-rs/wasm-runtime@1.2.3", "", { "dependencies": { "@tybys/wasm-util": "^0.10.3" }, "peerDependencies": { "@emnapi/core": "^1.7.1 || ^2.0.0-alpha.4", "@emnapi/runtime": "^1.7.1 || ^2.0.0-alpha.4" } }, "sha512-UMduMbqO5s5zF2NkNacMT/yK5Y5QiKvWr2+50bzIIxFDwVJ2h49b+oyjaCGPhJxd2/gC2x39EHv/gHVuu36x2Q=="],

    "@oven/bun-darwin-aarch64": ["@oven/bun-darwin-aarch64@1.3.0", "", { "os": "darwin", "cpu": "arm64" }, "sha512-WeXSaL29ylJEZMYHHW28QZ6rgAbxQ1KuNSZD9gvd3fPlo0s6s2PglvPArjjP07nmvIK9m4OffN0k4M98O7WmAg=="],

    "@oven/bun-darwin-x64": ["@oven/bun-darwin-x64@1.3.0", "", { "os": "darwin", "cpu": "x64" }, "sha512-CFKjoUWQH0Oz3UHYfKbdKLq0wGryrFsTJEYq839qAwHQSECvVZYAnxVVDYUDa0yQFonhO2qSHY41f6HK+b7xtw=="],

    "@oven/bun-darwin-x64-baseline": ["@oven/bun-darwin-x64-baseline@1.3.0", "", { "os": "darwin", "cpu": "x64" }, "sha512-+FSr/ub5vA/EkD3fMhHJUzYioSf/sXd50OGxNDAntVxcDu4tXL/81Ka3R/gkZmjznpLFIzovU/1Ts+b7dlkrfw=="],

    "@oven/bun-linux-aarch64": ["@oven/bun-linux-aarch64@1.3.0", "", { "os": "linux", "cpu": "arm64" }, "sha512-WHthS/eLkCNcp9pk4W8aubRl9fIUgt2XhHyLrP0GClB1FVvmodu/zIOtG0NXNpzlzB8+gglOkGo4dPjfVf4Z+g=="],

    "@oven/bun-linux-aarch64-musl": ["@oven/bun-linux-aarch64-musl@1.3.0", "", { "os": "linux", "cpu": "arm64" }, "sha512-HT5sr7N8NDYbQRjAnT7ISpx64y+ewZZRQozOJb0+KQObKvg4UUNXGm4Pn1xA4/WPMZDDazjO8E2vtOQw1nJlAQ=="],

    "@oven/bun-linux-x64": ["@oven/bun-linux-x64@1.3.0", "", { "os": "linux", "cpu": "x64" }, "sha512-sGEWoJQXO4GDr0x4t/yJQ/Bq1yNkOdX9tHbZZ+DBGJt3z3r7jeb4Digv8xQUk6gdTFC9vnGHuin+KW3/yD1Aww=="],

    "@oven/bun-linux-x64-baseline": ["@oven/bun-linux-x64-baseline@1.3.0", "", { "os": "linux", "cpu": "x64" }, "sha512-OmlEH3nlxQyv7HOvTH21vyNAZGv9DIPnrTznzvKiOQxkOphhCyKvPTlF13ydw4s/i18iwaUrhHy+YG9HSSxa4Q=="],

    "@oven/bun-linux-x64-musl": ["@oven/bun-linux-x64-musl@1.3.0", "", { "os": "linux", "cpu": "x64" }, "sha512-rtzUEzCynl3Rhgn/iR9DQezSFiZMcAXAbU+xfROqsweMGKwvwIA2ckyyckO08psEP8XcUZTs3LT9CH7PnaMiEA=="],

    "@oven/bun-linux-x64-musl-baseline": ["@oven/bun-linux-x64-musl-baseline@1.3.0", "", { "os": "linux", "cpu": "x64" }, "sha512-hrr7mDvUjMX1tuJaXz448tMsgKIqGJBY8+rJqztKOw1U5+a/v2w5HuIIW1ce7ut0ZwEn+KIDvAujlPvpH33vpQ=="],

    "@oven/bun-windows-x64": ["@oven/bun-windows-x64@1.3.0", "", { "os": "win32", "cpu": "x64" }, "sha512-xXwtpZVVP7T+vkxcF/TUVVOGRjEfkByO4mKveKYb4xnHWV4u4NnV0oNmzyMKkvmj10to5j2h0oZxA4ZVVv4gfA=="],

    "@oven/bun-windows-x64-baseline": ["@oven/bun-windows-x64-baseline@1.3.0", "", { "os": "win32", "cpu": "x64" }, "sha512-/jVZ8eYjpYHLDFNoT86cP+AjuWvpkzFY+0R0a1bdeu0sQ6ILuy1FV6hz1hUAP390E09VCo5oP76fnx29giHTtA=="],

    "@oxc-parser/binding-android-arm64": ["@oxc-parser/binding-android-arm64@0.92.0", "", { "os": "android", "cpu": "arm64" }, "sha512-SnstcBYa0IYrtAsDD8sprHEi4UunWL4LBjHn41VIsj99bmiTyEdsZQD8lqwpiQqeNnfCLxGDG+tKrmHp+5li7g=="],

    "@oxc-parser/binding-darwin-arm64": ["@oxc-parser/binding-darwin-arm64@0.92.0", "", { "os": "darwin", "cpu": "arm64" }, "sha512-GPPp9jSwYAlkCnZ1HbRzkTq2ose65l+7RpT5n2iUOuLkX2dUzu3R5ckz6kbeFzLlvnNybQ6MaswNVSyggBJbyQ=="],

    "@oxc-parser/binding-darwin-x64": ["@oxc-parser/binding-darwin-x64@0.92.0", "", { "os": "darwin", "cpu": "x64" }, "sha512-2xr77HFOgC++fA5eT6bX/KkVvE40zeLiS7LgR6uAL6j7hXIcE1R91xG28E4Nq1ByKh80CtQ2++Tej53DB6v6Rg=="],

    "@oxc-parser/binding-freebsd-x64": ["@oxc-parser/binding-freebsd-x64@0.92.0", "", { "os": "freebsd", "cpu": "x64" }, "sha512-SF2w2JNM6bhKi/8SKrIwj4P/bsHouk/xrY5UERu+1fPP1QNlqFVYBoccEOrv9zrsLxIWlRJCPCWwnhL5zOWmJQ=="],

    "@oxc-parser/binding-linux-arm-gnueabihf": ["@oxc-parser/binding-linux-arm-gnueabihf@0.92.0", "", { "os": "linux", "cpu": "arm" }, "sha512-avbta7OiOCRrCgwx+T46H+x2LYLUz8sLtpPea5nIG8r4FwKv9jCG0BcIEuVelzkuTsSP5pV8DA7CU2O+WtAbuQ=="],

    "@oxc-parser/binding-linux-arm-musleabihf": ["@oxc-parser/binding-linux-arm-musleabihf@0.92.0", "", { "os": "linux", "cpu": "arm" }, "sha512-hL8160Bn1pPQRMPHgLvCizBYOOL3SIGdfLeRmAkxBcdSMuJitjae+e0TFXb3JFZWBE7ePSQN0Q6QylKWSIcoog=="],

    "@oxc-parser/binding-linux-arm64-gnu": ["@oxc-parser/binding-linux-arm64-gnu@0.92.0", "", { "os": "linux", "cpu": "arm64" }, "sha512-4e+SEXwQaJIry6vZZtM9ZAofpRBqHXVYbBg329ttQ0BQ+UvI8Rv/4QBOzhvHZnnpBtIV7XSLecHzhPGJzKUsmw=="],

    "@oxc-parser/binding-linux-arm64-musl": ["@oxc-parser/binding-linux-arm64-musl@0.92.0", "", { "os": "linux", "cpu": "arm64" }, "sha512-S6vlj2gra8HsdayhPaMcIUOOjxUUFG5nHHI3xEybsU2i1wN1rSsY9T4KL5Szbk0f1IL2jBj+fVp7tEvld/j+1g=="],

    "@oxc-parser/binding-linux-riscv64-gnu": ["@oxc-parser/binding-linux-riscv64-gnu@0.92.0", "", { "os": "linux", "cpu": "none" }, "sha512-1kPN0EzTxPjt4vE6wXN7FguhOMT3OQOo15wQq6jCI5sDpdoQzVWTuzxUnjx5uHjy8bC4H1ESls8rwo+ri8p1Bw=="],

    "@oxc-parser/binding-linux-s390x-gnu": ["@oxc-parser/binding-linux-s390x-gnu@0.92.0", "", { "os": "linux", "cpu": "s390x" }, "sha512-Feda91fwMkmGiEU/5aOcwp/reuPEOTzVG2faMjXgVfP9znEAK5qLkUdj8X9h9RT5Vqjq2ukqL2/OsTHZ4m8Vtg=="],

    "@oxc-parser/binding-linux-x64-gnu": ["@oxc-parser/binding-linux-x64-gnu@0.92.0", "", { "os": "linux", "cpu": "x64" }, "sha512-OObkyJi5CCqDlNnHPheBk1L67GeFOueiHkxW8SBdttY/hL7pqdbTZsGD6ZthahwZ92a1IlTktneb7Zrci0F5Rw=="],

    "@oxc-parser/binding-linux-x64-musl": ["@oxc-parser/binding-linux-x64-musl@0.92.0", "", { "os": "linux", "cpu": "x64" }, "sha512-DpIf7r5UGwJevy86eq+M6173h98jOCD4MkOhz93vbbSVyH102KDp8Rie1KwbOyf5KgHKVz/Y5X/sCP6Un4tS7w=="],

    "@oxc-parser/binding-wasm32-wasi": ["@oxc-parser/binding-wasm32-wasi@0.92.0", "", { "dependencies": { "@napi-rs/wasm-runtime": "^1.0.5" }, "cpu": "none" }, "sha512-vzX+HygKUMDAY8E2OljY1meIsveaQ/DLx1uO+PN/zyoRW8DmobKE6L+3A9Xcy8DaaNR83zgChgLgh6o3Y4luhA=="],

    "@oxc-parser/binding-win32-arm64-msvc": ["@oxc-parser/binding-win32-arm64-msvc@0.92.0", "", { "os": "win32", "cpu": "arm64" }, "sha512-zQP5Uepv/OfkXh5SPSj5eMJEi9kFbsBZTweoGJ/XmBe21iOg3jvomcgYn82HQTV4b6sfJuTgV9VSEtouDqm48A=="],

    "@oxc-parser/binding-win32-x64-msvc": ["@oxc-parser/binding-win32-x64-msvc@0.92.0", "", { "os": "win32", "cpu": "x64" }, "sha512-XY5dQwfwDqSpOXPbVVJ/L6vsI+ql8uTDmr6L5kQ4cG2DIJkDBB44WH0oRizs/SNglF6WBWJJ/gGfGm40gZqRfA=="],

    "@oxc-project/types": ["@oxc-project/types@0.92.0", "", {}, "sha512-PDLfCbwgXjGdTBxzcuDOUxJYNBl6P8dOp3eDKWw54dYvqONan9rwGDRQU0zrkdEMiItfXQQUOI17uOcMX5Zm7A=="],

    "@oxc-transform/binding-android-arm64": ["@oxc-transform/binding-android-arm64@0.92.0", "", { "os": "android", "cpu": "arm64" }, "sha512-BeIZ3tE+L7wrvqep868+pnOaShTMvEOYopvWmEHB0LtHT/wkeabHwMwOdKCnSfFGxybPVShftNLBBPu3jkILpQ=="],

    "@oxc-transform/binding-darwin-arm64": ["@oxc-transform/binding-darwin-arm64@0.92.0", "", { "os": "darwin", "cpu": "arm64" }, "sha512-7Sx9rKMif+MgHaOpddi8ZEO+swB3MmmFnDsMCZ2hkKqz0w294us7GsxraifqvouUxucsQXu3sUp7DugDC46HMw=="],

    "@oxc-transform/binding-darwin-x64": ["@oxc-transform/binding-darwin-x64@0.92.0", "", { "os": "darwin", "cpu": "x64" }, "sha512-1p608PJkBBOqinNsmR25Ait9wq2skIloJuSsLpklUYZk4EVjDvC6YSk8SA+07K5HvK+/IbOBQVkOekT9nWGHEQ=="],

    "@oxc-transform/binding-freebsd-x64": ["@oxc-transform/binding-freebsd-x64@0.92.0", "", { "os": "freebsd", "cpu": "x64" }, "sha512-+NzBjKRwZ9bbwW8wf99WiMRV4UP3rX9B6rC2sCcb2eGVUbH62OXTGuA7HkWSPCrQgoL/U9jbNyaxfpHS0Zew0w=="],

    "@oxc-transform/binding-linux-arm-gnueabihf": ["@oxc-transform/binding-linux-arm-gnueabihf@0.92.0", "", { "os": "linux", "cpu": "arm" }, "sha512-P+sMDUZAXmxw7Srv+NVl7ScM2SgFEMJeX27ygCF4TQCIb/erUF+KM7UcFaR7Pm2y03gBMG1ZTwARzF3zlsEGIg=="],

    "@oxc-transform/binding-linux-arm-musleabihf": ["@oxc-transform/binding-linux-arm-musleabihf@0.92.0", "", { "os": "linux", "cpu": "arm" }, "sha512-2BYFOfGgUSKFyiRL9Kdj8i2Xqe7tFHg1HCkJvxzLnceaSGqndrNuE4BeHLUM1XjEAvrh4DzBANm3QXLkMeMFaw=="],

    "@oxc-transform/binding-linux-arm64-gnu": ["@oxc-transform/binding-linux-arm64-gnu@0.92.0", "", { "os": "linux", "cpu": "arm64" }, "sha512-ZgWflNUOj/sttUZDwLycJj5HxI5vM1bzmmQ5RRtNdGf33EGTN1RDNANIn02RLlhsWgBTQM/DpxZUWzIjV4iKhw=="],

    "@oxc-transform/binding-linux-arm64-musl": ["@oxc-transform/binding-linux-arm64-musl@0.92.0", "", { "os": "linux", "cpu": "arm64" }, "sha512-eUW2wDSFfQPjBBTPd0AHjzGWX5K/19IhJN2Qcj5sg76WfqsSOPKa/vseRDAma5Z7A4TgaeNlGSuvyLv0ys3TRQ=="],

    "@oxc-transform/binding-linux-riscv64-gnu": ["@oxc-transform/binding-linux-riscv64-gnu@0.92.0", "", { "os": "linux", "cpu": "none" }, "sha512-yys5q9ZybivJz6ZDrfMJBxWu7aol1RA7SQQsEjTfnVKVAFcNzTowmnNv+JK4LFjGPBoovuOQIHl7mazbkyo2kA=="],

    "@oxc-transform/binding-linux-s390x-gnu": ["@oxc-transform/binding-linux-s390x-gnu@0.92.0", "", { "os": "linux", "cpu": "s390x" }, "sha512-y43cP1rTRM2S0IJr/HDEJ95rapZhRYatvEZunmdccIxMY0h0LXfc1KPQNisMbZzY+UYQ9kBvVaT7ZsxKicVsxg=="],

    "@oxc-transform/binding-linux-x64-gnu": ["@oxc-transform/binding-linux-x64-gnu@0.92.0", "", { "os": "linux", "cpu": "x64" }, "sha512-r4IQJu/kgzXCC3LEGRijWutljO9Ma09dphkBh5vO65wMZHGibWznGcGyYfcLAjlzoOmHzv/pUEOGCfK506bN+w=="],

    "@oxc-transform/binding-linux-x64-musl": ["@oxc-transform/binding-linux-x64-musl@0.92.0", "", { "os": "linux", "cpu": "x64" }, "sha512-nZ+3gMiKZKBI/5xgtCYVe6e+j0ZOdhugJypIVQrZU8XUFt9AAxnqus6Fw7WLA53z4SV8wpPjhkcwHiOIpxv+Vw=="],

    "@oxc-transform/binding-wasm32-wasi": ["@oxc-transform/binding-wasm32-wasi@0.92.0", "", { "dependencies": { "@napi-rs/wasm-runtime": "^1.0.5" }, "cpu": "none" }, "sha512-e7ZZtUvXdLnovrwK3+fJEmEOVrRU9uAPeGMnzzkNj8tlf1ee3sFu3KR5+T9lmIUMNGz4+PIDXcI+3B4xFjlO4Q=="],

    "@oxc-transform/binding-win32-arm64-msvc": ["@oxc-transform/binding-win32-arm64-msvc@0.92.0", "", { "os": "win32", "cpu": "arm64" }, "sha512-QgHdC3yd9eglkP4KGO1vtyFFklTHKlC7YyzncQWo/i5VZcq1g3mBGqhz7IQtrtrtA08KegsAM0XcKorew3YFnw=="],

    "@oxc-transform/binding-win32-x64-msvc": ["@oxc-transform/binding-win32-x64-msvc@0.92.0", "", { "os": "win32", "cpu": "x64" }, "sha512-S0hE59gAAOqUFLCRc6jRzQg8A10BbZnm2LrBnLqNtIZLt4hlsOBbpfSCTPEMgcVpZ7Vm+keQCAf8/JFMkpOSHg=="],

    "@oxfmt/darwin-arm64": ["@oxfmt/darwin-arm64@0.13.0", "", { "os": "darwin", "cpu": "arm64" }, "sha512-WJKGJp9t8lMG3Vmsyz77qj4GIp2Z/z5KkS4Mpbn7nfiVZLVNdxf9k85vHnuGtBZcuxIAjJIRDgitePFPD+timA=="],

    "@oxfmt/darwin-x64": ["@oxfmt/darwin-x64@0.13.0", "", { "os": "darwin", "cpu": "x64" }, "sha512-b9r+uOrnsFIl8DEimw5G69/aXbY5XURzFz0j6Hr8GiAZIrp2GlMLz0B8zhylAXh882GalZGxtcVbLZt5SSe2jw=="],

    "@oxfmt/linux-arm64-gnu": ["@oxfmt/linux-arm64-gnu@0.13.0", "", { "os": "linux", "cpu": "arm64" }, "sha512-v9+rE/d38wBRli0iYvhgGWlgSAgFBJnnK6kefwQ6POu6n6y/tGiQXjWIyvkBqpQhxxavGnk3z3WXP+DAJSC2eA=="],

    "@oxfmt/linux-arm64-musl": ["@oxfmt/linux-arm64-musl@0.13.0", "", { "os": "linux", "cpu": "arm64" }, "sha512-g9A8dOoM/XwToz70aq8XodQZMWwWWPjuTUCI9cxkB1uvpQe4JN6VcHRLMY6Ft1LLh4MIARqq3mCbuXwMVseKiA=="],

    "@oxfmt/linux-x64-gnu": ["@oxfmt/linux-x64-gnu@0.13.0", "", { "os": "linux", "cpu": "x64" }, "sha512-CbMEtJ+0mVWnBHOF+Fx8CYApAs3Iywmo6E+buokXEli98167R2eJ/g7dqNiU6R8hBiO0n4KyoT4KaeYhmQp7KA=="],

    "@oxfmt/linux-x64-musl": ["@oxfmt/linux-x64-musl@0.13.0", "", { "os": "linux", "cpu": "x64" }, "sha512-KqE6qmwLqxbC2I1t65JNqbu87qL4my3Bi1nsmwXzJBW/xFAVNS4OgZnKQwOpW9dDXw8Ng/IoBO24GgOOECkd/w=="],

    "@oxfmt/win32-arm64": ["@oxfmt/win32-arm64@0.13.0", "", { "os": "win32", "cpu": "arm64" }, "sha512-jVvlnkgdKHT/l13zIG9511KoVwCKGAvQ4CUtiwiP4Nv4K1F586dV4IcOawcRnKpw9KHTV/Q0E8jB5m3tnz2yeQ=="],

    "@oxfmt/win32-x64": ["@oxfmt/win32-x64@0.13.0", "", { "os": "win32", "cpu": "x64" }, "sha512-HgC7Efv1Eqv8Ag/3LP2WjSvzIFHsxBLBaYOgMhvq4WhZMM3xG9zsb/1A3/pVqdPhvw+Kh62WaYm1WQM9J4l0lQ=="],

    "@oxlint/darwin-arm64": ["@oxlint/darwin-arm64@1.28.0", "", { "os": "darwin", "cpu": "arm64" }, "sha512-H7J41/iKbgm7tTpdSnA/AtjEAhxyzNzCMKWtKU5wDuP2v39jrc3fasQEJruk6hj1YXPbJY4N+1nK/jE27GMGDQ=="],

    "@oxlint/darwin-x64": ["@oxlint/darwin-x64@1.28.0", "", { "os": "darwin", "cpu": "x64" }, "sha512-bGsSDEwpyYzNc6FIwhTmbhSK7piREUjMlmWBt7eoR3ract0+RfhZYYG4se1Ngs+4WOFC0B3gbv23fyF+cnbGGQ=="],

    "@oxlint/linux-arm64-gnu": ["@oxlint/linux-arm64-gnu@1.28.0", "", { "os": "linux", "cpu": "arm64" }, "sha512-eNH/evMpV3xAA4jIS8dMLcGkM/LK0WEHM0RO9bxrHPAwfS72jhyPJtd0R7nZhvhG6U1bhn5jhoXbk1dn27XIAQ=="],

    "@oxlint/linux-arm64-musl": ["@oxlint/linux-arm64-musl@1.28.0", "", { "os": "linux", "cpu": "arm64" }, "sha512-ickvpcekNeRLND3llndiZOtJBb6LDZqNnZICIDkovURkOIWPGJGmAxsHUOI6yW6iny9gLmIEIGl/c1b5nFk6Ag=="],

    "@oxlint/linux-x64-gnu": ["@oxlint/linux-x64-gnu@1.28.0", "", { "os": "linux", "cpu": "x64" }, "sha512-DkgAh4LQ8NR3DwTT7/LGMhaMau0RtZkih91Ez5Usk7H7SOxo1GDi84beE7it2Q+22cAzgY4hbw3c6svonQTjxg=="],

    "@oxlint/linux-x64-musl": ["@oxlint/linux-x64-musl@1.28.0", "", { "os": "linux", "cpu": "x64" }, "sha512-VBnMi3AJ2w5p/kgeyrjcGOKNY8RzZWWvlGHjCJwzqPgob4MXu6T+5Yrdi7EVJyIlouL8E3LYPYjmzB9NBi9gZw=="],

    "@oxlint/win32-arm64": ["@oxlint/win32-arm64@1.28.0", "", { "os": "win32", "cpu": "arm64" }, "sha512-tomhIks+4dKs8axB+s4GXHy+ZWXhUgptf1XnG5cZg8CzRfX4JFX9k8l2fPUgFwytWnyyvZaaXLRPWGzoZ6yoHQ=="],

    "@oxlint/win32-x64": ["@oxlint/win32-x64@1.28.0", "", { "os": "win32", "cpu": "x64" }, "sha512-4+VO5P/UJ2nq9sj6kQToJxFy5cKs7dGIN2DiUSQ7cqyUi7EKYNQKe+98HFcDOjtm33jQOQnc4kw8Igya5KPozg=="],

    "@tybys/wasm-util": ["@tybys/wasm-util@0.10.3", "", { "dependencies": { "tslib": "^2.4.0" } }, "sha512-F3fo1MYrRJYL3zER0OUOmkutjr1Vp23m7OsSgp7nq4SP6OqX6C/56XFIPAl5bt3zaBRjmW7SGz3u/6LwFpYcOg=="],

    "ansi-escapes": ["ansi-escapes@7.3.0", "", { "dependencies": { "environment": "^1.0.0" } }, "sha512-BvU8nYgGQBxcmMuEeUEmNTvrMVjJNSH7RgW24vXexN4Ven6qCvy4TntnvlnwnMLTVlcRQQdbRY8NKnaIoeWDNg=="],

    "ansi-regex": ["ansi-regex@6.3.0", "", {}, "sha512-WpDfL7NO6j7tH88IDBNVdUJxDh9nmCteAVW9dsep846XdwF4naCBK+/tGLX3KJgcpgMRXCFlTM2hKGoK9FsdrQ=="],

    "ansi-styles": ["ansi-styles@6.2.3", "", {}, "sha512-4Dj6M28JB+oAH8kFkTLUo+a2jwOFkuqb3yucU0CANcRRUbxS0cP0nZYCGjcc3BNXwRIsUVmDGgzawme7zvJHvg=="],

    "braces": ["braces@3.0.3", "", { "dependencies": { "fill-range": "^7.1.1" } }, "sha512-yQbXgO/OSZVD2IsiLlro+7Hf6Q18EJrKSEsdoMzKePKXct3gvD8oLcOQdIzGupr5Fj+EDe8gO/lxc1BzfMpxvA=="],

    "bun": ["bun@1.3.0", "", { "optionalDependencies": { "@oven/bun-darwin-aarch64": "1.3.0", "@oven/bun-darwin-x64": "1.3.0", "@oven/bun-darwin-x64-baseline": "1.3.0", "@oven/bun-linux-aarch64": "1.3.0", "@oven/bun-linux-aarch64-musl": "1.3.0", "@oven/bun-linux-x64": "1.3.0", "@oven/bun-linux-x64-baseline": "1.3.0", "@oven/bun-linux-x64-musl": "1.3.0", "@oven/bun-linux-x64-musl-baseline": "1.3.0", "@oven/bun-windows-x64": "1.3.0", "@oven/bun-windows-x64-baseline": "1.3.0" }, "os": [ "linux", "win32", "darwin", ], "cpu": [ "x64", "arm64", ], "bin": { "bun": "bin/bun.exe", "bunx": "bin/bunx.exe" } }, "sha512-YI7mFs7iWc/VsGsh2aw6eAPD2cjzn1j+LKdYVk09x1CrdTWKYIHyd+dG5iQoN9//3hCDoZj8U6vKpZzEf5UARA=="],

    "cli-cursor": ["cli-cursor@5.0.0", "", { "dependencies": { "restore-cursor": "^5.0.0" } }, "sha512-aCj4O5wKyszjMmDT4tZj93kxyydN/K5zPWSCe6/0AV/AA1pqe5ZBIw0a2ZfPQV7lL5/yb5HsUreJ6UFAF1tEQw=="],

    "cli-truncate": ["cli-truncate@5.2.0", "", { "dependencies": { "slice-ansi": "^8.0.0", "string-width": "^8.2.0" } }, "sha512-xRwvIOMGrfOAnM1JYtqQImuaNtDEv9v6oIYAs4LIHwTiKee8uwvIi363igssOC0O5U04i4AlENs79LQLu9tEMw=="],

    "colorette": ["colorette@2.0.20", "", {}, "sha512-IfEDxwoWIjkeXL1eXcDiow4UbKjhLdq6/EuSVR9GMN7KVH3r9gQ83e73hsz1Nd1T3ijd5xv1wcWRYO+D6kCI2w=="],

    "commander": ["commander@14.0.1", "", {}, "sha512-2JkV3gUZUVrbNA+1sjBOYLsMZ5cEEl8GTFP2a4AVz5hvasAMCQ1D2l2le/cX+pV4N6ZU17zjUahLpIXRrnWL8A=="],

    "emoji-regex": ["emoji-regex@10.6.0", "", {}, "sha512-toUI84YS5YmxW219erniWD0CIVOo46xGKColeNQRgOzDorgBi1v4D71/OFzgD9GO2UGKIv1C3Sp8DAn0+j5w7A=="],

    "environment": ["environment@1.1.0", "", {}, "sha512-xUtoPkMggbz0MPyPiIWr1Kp4aeWJjDZ6SMvURhimjdZgsRuDplF5/s9hcgGhyXMhs+6vpnuoiZ2kFiu3FMnS8Q=="],

    "eventemitter3": ["eventemitter3@5.0.4", "", {}, "sha512-mlsTRyGaPBjPedk6Bvw+aqbsXDtoAyAzm5MO7JgU+yVRyMQ5O8bD4Kcci7BS85f93veegeCPkL8R4GLClnjLFw=="],

    "fill-range": ["fill-range@7.1.1", "", { "dependencies": { "to-regex-range": "^5.0.1" } }, "sha512-YsGpe3WHLK8ZYi4tWDg2Jy3ebRz2rXowDxnld4bkQB00cc/1Zw9AWnC0i9ztDJitivtQvaI9KaLyKrc+hBW0yg=="],

    "get-east-asian-width": ["get-east-asian-width@1.6.0", "", {}, "sha512-QRbvDIbx6YklUe6RxeTeleMR0yv3cYH6PsPZHcnVn7xv7zO1BHN8r0XETu8n6Ye3Q+ahtSarc3WgtNWmehIBfA=="],

    "is-fullwidth-code-point": ["is-fullwidth-code-point@5.1.0", "", { "dependencies": { "get-east-asian-width": "^1.3.1" } }, "sha512-5XHYaSyiqADb4RnZ1Bdad6cPp8Toise4TzEjcOYDHZkTCbKgiUl7WTUCpNWHuxmDt91wnsZBc9xinNzopv3JMQ=="],

    "is-number": ["is-number@7.0.0", "", {}, "sha512-41Cifkg6e8TylSpdtTpeLVMqvSBEVzTttHvERD741+pnZ8ANv0004MRL43QKPDlK9cGvNp6NZWZUBlbGXYxxng=="],

    "lefthook": ["lefthook@1.13.4", "", { "optionalDependencies": { "lefthook-darwin-arm64": "1.13.4", "lefthook-darwin-x64": "1.13.4", "lefthook-freebsd-arm64": "1.13.4", "lefthook-freebsd-x64": "1.13.4", "lefthook-linux-arm64": "1.13.4", "lefthook-linux-x64": "1.13.4", "lefthook-openbsd-arm64": "1.13.4", "lefthook-openbsd-x64": "1.13.4", "lefthook-windows-arm64": "1.13.4", "lefthook-windows-x64": "1.13.4" }, "bin": { "lefthook": "bin/index.js" } }, "sha512-4EJfkcNlZW69ISxyEuBzkyivER/XIVCJcGYTemVBf5DWlBwK97hSrbgDH8O5JuHiCR5lW83hDa1T5TW/dRfnGg=="],

    "lefthook-darwin-arm64": ["lefthook-darwin-arm64@1.13.4", "", { "os": "darwin", "cpu": "arm64" }, "sha512-A/t0OYW9NCEqJ+j3volPvetfgErveioYxTG0tzgmJoMOR4joFN0vkjahKQpKPIMQ1HSqFQtiRefXL3M97rCD1A=="],

    "lefthook-darwin-x64": ["lefthook-darwin-x64@1.13.4", "", { "os": "darwin", "cpu": "x64" }, "sha512-pBCy4pm8HEjsDSPNYv4Y4p94ZJYC7Q3KOMkYVH6no7e7ide2adetRq5eylNM7OyKF6fDA3VMv8ywINxHVKu3tg=="],

    "lefthook-freebsd-arm64": ["lefthook-freebsd-arm64@1.13.4", "", { "os": "freebsd", "cpu": "arm64" }, "sha512-km8VRaIhORrebspVVwP+j01rYv2Wl8gDpEPcz42az9tfcp1o2d87Hi3zZ3DNSucSq+e7bMul1WNFYnk9xRy0jw=="],

    "lefthook-freebsd-x64": ["lefthook-freebsd-x64@1.13.4", "", { "os": "freebsd", "cpu": "x64" }, "sha512-eWiFL4uFSg1XhLnbSo8dNF8K5yJ1Al3HauV1XbDfa8rUoonJfGWxOz6z22qzKj8mVkwl7Tk1hhjnAyNtXZNG8g=="],

    "lefthook-linux-arm64": ["lefthook-linux-arm64@1.13.4", "", { "os": "linux", "cpu": "arm64" }, "sha512-0aHeK1WoRPHwvgbEXdo1Q25MMCWNeY5wouhcShHpxhmrVBX1c0rYkWC9mQgR+632eUKkA/48+1J69x3mvtMZRg=="],

    "lefthook-linux-x64": ["lefthook-linux-x64@1.13.4", "", { "os": "linux", "cpu": "x64" }, "sha512-f0rM3o5b7HNX+eKnCZzOPPWV+uPwOgfZEIKd1MqfkxxreQ+kloAcuUcNt6huwrs8foR7+45eC31T5plII3aTnw=="],

    "lefthook-openbsd-arm64": ["lefthook-openbsd-arm64@1.13.4", "", { "os": "openbsd", "cpu": "arm64" }, "sha512-ov9rjWPOtphlNG2SOPQAPBSeWVTfB/vbh5AcvPECnVVe9jZTCthhKIyr9wx/UfKKqGxlL4wi7jk7BQ1BEJuC5w=="],

    "lefthook-openbsd-x64": ["lefthook-openbsd-x64@1.13.4", "", { "os": "openbsd", "cpu": "x64" }, "sha512-4TVuVG86fJhWGBx8nR+USq00lYHuzLp1PqrW3vDKmTwxlMf3gmquO6PyQ85I5jfr1G2QpKn/cVJCvj3ExMUOxg=="],

    "lefthook-windows-arm64": ["lefthook-windows-arm64@1.13.4", "", { "os": "win32", "cpu": "arm64" }, "sha512-y46ZgRAgyMy5MQYkZoSBtHYUYj0+54cM0VDT/Lu/jz1GRFAE8JkrRVetk3geqECpnMGxBkSgfhcbGDYeEvJQdw=="],

    "lefthook-windows-x64": ["lefthook-windows-x64@1.13.4", "", { "os": "win32", "cpu": "x64" }, "sha512-p2YfWuj/43gUT0nHJ6j0pTRpLLwX9n2bio60POuXOrr3RVxdv5MEaQchdRhqYG5uWj7Zsm86K9FWkNuxPG81IA=="],

    "lint-staged": ["lint-staged@16.2.0", "", { "dependencies": { "commander": "14.0.1", "listr2": "9.0.4", "micromatch": "4.0.8", "nano-spawn": "1.0.3", "pidtree": "0.6.0", "string-argv": "0.3.2", "yaml": "2.8.1" }, "bin": { "lint-staged": "bin/lint-staged.js" } }, "sha512-spdYSOCQ2MdZ9CM1/bu/kDmaYGsrpNOeu1InFFV8uhv14x6YIubGxbCpSmGILFoxkiheNQPDXSg5Sbb5ZuVnug=="],

    "listr2": ["listr2@9.0.4", "", { "dependencies": { "cli-truncate": "^5.0.0", "colorette": "^2.0.20", "eventemitter3": "^5.0.1", "log-update": "^6.1.0", "rfdc": "^1.4.1", "wrap-ansi": "^9.0.0" } }, "sha512-1wd/kpAdKRLwv7/3OKC8zZ5U8e/fajCfWMxacUvB79S5nLrYGPtUI/8chMQhn3LQjsRVErTb9i1ECAwW0ZIHnQ=="],

    "log-update": ["log-update@6.1.0", "", { "dependencies": { "ansi-escapes": "^7.0.0", "cli-cursor": "^5.0.0", "slice-ansi": "^7.1.0", "strip-ansi": "^7.1.0", "wrap-ansi": "^9.0.0" } }, "sha512-9ie8ItPR6tjY5uYJh8K/Zrv/RMZ5VOlOWvtZdEHYSTFKZfIBPQa9tOAEeAWhd+AnIneLJ22w5fjOYtoutpWq5w=="],

    "micromatch": ["micromatch@4.0.8", "", { "dependencies": { "braces": "^3.0.3", "picomatch": "^2.3.1" } }, "sha512-PXwfBhYu0hBCPw8Dn0E+WDYb7af3dSLVWKi3HGv84IdF4TyFoC0ysxFd0Goxw7nSv4T/PzEJQxsYsEiFCKo2BA=="],

    "mimic-function": ["mimic-function@5.0.1", "", {}, "sha512-VP79XUPxV2CigYP3jWwAUFSku2aKqBH7uTAapFWCBqutsbmDo96KY5o8uh6U+/YSIn5OxJnXp73beVkpqMIGhA=="],

    "nano-spawn": ["nano-spawn@1.0.3", "", {}, "sha512-jtpsQDetTnvS2Ts1fiRdci5rx0VYws5jGyC+4IYOTnIQ/wwdf6JdomlHBwqC3bJYOvaKu0C2GSZ1A60anrYpaA=="],

    "onetime": ["onetime@7.0.0", "", { "dependencies": { "mimic-function": "^5.0.0" } }, "sha512-VXJjc87FScF88uafS3JllDgvAm+c/Slfz06lorj2uAY34rlUu0Nt+v8wreiImcrgAjjIHp1rXpTDlLOGw29WwQ=="],

    "oxc-parser": ["oxc-parser@0.92.0", "", { "dependencies": { "@oxc-project/types": "^0.92.0" }, "optionalDependencies": { "@oxc-parser/binding-android-arm64": "0.92.0", "@oxc-parser/binding-darwin-arm64": "0.92.0", "@oxc-parser/binding-darwin-x64": "0.92.0", "@oxc-parser/binding-freebsd-x64": "0.92.0", "@oxc-parser/binding-linux-arm-gnueabihf": "0.92.0", "@oxc-parser/binding-linux-arm-musleabihf": "0.92.0", "@oxc-parser/binding-linux-arm64-gnu": "0.92.0", "@oxc-parser/binding-linux-arm64-musl": "0.92.0", "@oxc-parser/binding-linux-riscv64-gnu": "0.92.0", "@oxc-parser/binding-linux-s390x-gnu": "0.92.0", "@oxc-parser/binding-linux-x64-gnu": "0.92.0", "@oxc-parser/binding-linux-x64-musl": "0.92.0", "@oxc-parser/binding-wasm32-wasi": "0.92.0", "@oxc-parser/binding-win32-arm64-msvc": "0.92.0", "@oxc-parser/binding-win32-x64-msvc": "0.92.0" } }, "sha512-tH8h0fsnleuD6H9uK/HLNOJIj43BMxG43v1gOF+n/IyJIfEJsrEX/rmUkptX5lkpz1hRLFLrt6yu8m9pjrNzRQ=="],

    "oxc-transform": ["oxc-transform@0.92.0", "", { "optionalDependencies": { "@oxc-transform/binding-android-arm64": "0.92.0", "@oxc-transform/binding-darwin-arm64": "0.92.0", "@oxc-transform/binding-darwin-x64": "0.92.0", "@oxc-transform/binding-freebsd-x64": "0.92.0", "@oxc-transform/binding-linux-arm-gnueabihf": "0.92.0", "@oxc-transform/binding-linux-arm-musleabihf": "0.92.0", "@oxc-transform/binding-linux-arm64-gnu": "0.92.0", "@oxc-transform/binding-linux-arm64-musl": "0.92.0", "@oxc-transform/binding-linux-riscv64-gnu": "0.92.0", "@oxc-transform/binding-linux-s390x-gnu": "0.92.0", "@oxc-transform/binding-linux-x64-gnu": "0.92.0", "@oxc-transform/binding-linux-x64-musl": "0.92.0", "@oxc-transform/binding-wasm32-wasi": "0.92.0", "@oxc-transform/binding-win32-arm64-msvc": "0.92.0", "@oxc-transform/binding-win32-x64-msvc": "0.92.0" } }, "sha512-mdYNJWmFAPcuMM8MNEKyHT5kOWp7hxsHfAjF2GGeij4IjmmbYMJ0o8JjT/1AirVesu2tk3PTEJAEsjDBPph+eA=="],

    "oxfmt": ["oxfmt@0.13.0", "", { "optionalDependencies": { "@oxfmt/darwin-arm64": "0.13.0", "@oxfmt/darwin-x64": "0.13.0", "@oxfmt/linux-arm64-gnu": "0.13.0", "@oxfmt/linux-arm64-musl": "0.13.0", "@oxfmt/linux-x64-gnu": "0.13.0", "@oxfmt/linux-x64-musl": "0.13.0", "@oxfmt/win32-arm64": "0.13.0", "@oxfmt/win32-x64": "0.13.0" }, "bin": { "oxfmt": "bin/oxfmt" } }, "sha512-WhWYL1nRxevnezPK3GsGlZ2uPnO+rPlJ1U44TEfET+UwDPhKDVFyqlblduAgu3PFwTMgY/GRbaZwlWugvpfbWQ=="],

    "oxlint": ["oxlint@1.28.0", "", { "optionalDependencies": { "@oxlint/darwin-arm64": "1.28.0", "@oxlint/darwin-x64": "1.28.0", "@oxlint/linux-arm64-gnu": "1.28.0", "@oxlint/linux-arm64-musl": "1.28.0", "@oxlint/linux-x64-gnu": "1.28.0", "@oxlint/linux-x64-musl": "1.28.0", "@oxlint/win32-arm64": "1.28.0", "@oxlint/win32-x64": "1.28.0" }, "peerDependencies": { "oxlint-tsgolint": ">=0.4.0" }, "optionalPeers": ["oxlint-tsgolint"], "bin": { "oxlint": "bin/oxlint", "oxc_language_server": "bin/oxc_language_server" } }, "sha512-gE97d0BcIlTTSJrim395B49mIbQ9VO8ZVoHdWai7Svl+lEeUAyCLTN4d7piw1kcB8VfgTp1JFVlAvMPD9GewMA=="],

    "picomatch": ["picomatch@2.3.2", "", {}, "sha512-V7+vQEJ06Z+c5tSye8S+nHUfI51xoXIXjHQ99cQtKUkQqqO1kO/KCJUfZXuB47h/YBlDhah2H3hdUGXn8ie0oA=="],

    "pidtree": ["pidtree@0.6.0", "", { "bin": { "pidtree": "bin/pidtree.js" } }, "sha512-eG2dWTVw5bzqGRztnHExczNxt5VGsE6OwTeCG3fdUf9KBsZzO3R5OIIIzWR+iZA0NtZ+RDVdaoE2dK1cn6jH4g=="],

    "restore-cursor": ["restore-cursor@5.1.0", "", { "dependencies": { "onetime": "^7.0.0", "signal-exit": "^4.1.0" } }, "sha512-oMA2dcrw6u0YfxJQXm342bFKX/E4sG9rbTzO9ptUcR/e8A33cHuvStiYOwH7fszkZlZ1z/ta9AAoPk2F4qIOHA=="],

    "rfdc": ["rfdc@1.4.1", "", {}, "sha512-q1b3N5QkRUWUl7iyylaaj3kOpIT0N2i9MqIEQXP73GVsN9cw3fdx8X63cEmWhJGi2PPCF23Ijp7ktmd39rawIA=="],

    "signal-exit": ["signal-exit@4.1.0", "", {}, "sha512-bzyZ1e88w9O1iNJbKnOlvYTrWPDl46O1bG0D3XInv+9tkPrxrN8jUUTiFlDkkmKWgn1M6CfIA13SuGqOa9Korw=="],

    "slice-ansi": ["slice-ansi@8.0.0", "", { "dependencies": { "ansi-styles": "^6.2.3", "is-fullwidth-code-point": "^5.1.0" } }, "sha512-stxByr12oeeOyY2BlviTNQlYV5xOj47GirPr4yA1hE9JCtxfQN0+tVbkxwCtYDQWhEKWFHsEK48ORg5jrouCAg=="],

    "string-argv": ["string-argv@0.3.2", "", {}, "sha512-aqD2Q0144Z+/RqG52NeHEkZauTAUWJO8c6yTftGJKO3Tja5tUgIfmIl6kExvhtxSDP7fXB6DvzkfMpCd/F3G+Q=="],

    "string-width": ["string-width@8.2.2", "", { "dependencies": { "get-east-asian-width": "^1.5.0", "strip-ansi": "^7.1.2" } }, "sha512-GaPUh5gfdrYzqeVNZvUfT23vYYxXzKYidUcnMtJg/3rxRV63EFZy3k6xfKlmfeJD0176lnUV/Usr3XcwSvFzpg=="],

    "strip-ansi": ["strip-ansi@7.2.0", "", { "dependencies": { "ansi-regex": "^6.2.2" } }, "sha512-yDPMNjp4WyfYBkHnjIRLfca1i6KMyGCtsVgoKe/z1+6vukgaENdgGBZt+ZmKPc4gavvEZ5OgHfHdrazhgNyG7w=="],

    "to-regex-range": ["to-regex-range@5.0.1", "", { "dependencies": { "is-number": "^7.0.0" } }, "sha512-65P7iz6X5yEr1cwcgvQxbbIw7Uk3gOy5dIdtZ4rDveLqhrdJP+Li/Hx6tyK0NEb+2GCyneCMJiGqrADCSNk8sQ=="],

    "tslib": ["tslib@2.8.1", "", {}, "sha512-oJFu94HQb+KVduSUQL7wnpmqnfmLsOA/nAh6b6EH0wCEoK0/mPeXU6c3wKDV83MkOuHPRHtSXKKU99IBazS/2w=="],

    "turbo": ["turbo@2.6.1", "", { "optionalDependencies": { "turbo-darwin-64": "2.6.1", "turbo-darwin-arm64": "2.6.1", "turbo-linux-64": "2.6.1", "turbo-linux-arm64": "2.6.1", "turbo-windows-64": "2.6.1", "turbo-windows-arm64": "2.6.1" }, "bin": { "turbo": "bin/turbo" } }, "sha512-qBwXXuDT3rA53kbNafGbT5r++BrhRgx3sAo0cHoDAeG9g1ItTmUMgltz3Hy7Hazy1ODqNpR+C7QwqL6DYB52yA=="],

    "turbo-darwin-64": ["turbo-darwin-64@2.6.1", "", { "os": "darwin", "cpu": "x64" }, "sha512-Dm0HwhyZF4J0uLqkhUyCVJvKM9Rw7M03v3J9A7drHDQW0qAbIGBrUijQ8g4Q9Cciw/BXRRd8Uzkc3oue+qn+ZQ=="],

    "turbo-darwin-arm64": ["turbo-darwin-arm64@2.6.1", "", { "os": "darwin", "cpu": "arm64" }, "sha512-U0PIPTPyxdLsrC3jN7jaJUwgzX5sVUBsKLO7+6AL+OASaa1NbT1pPdiZoTkblBAALLP76FM0LlnsVQOnmjYhyw=="],

    "turbo-linux-64": ["turbo-linux-64@2.6.1", "", { "os": "linux", "cpu": "x64" }, "sha512-eM1uLWgzv89bxlK29qwQEr9xYWBhmO/EGiH22UGfq+uXr+QW1OvNKKMogSN65Ry8lElMH4LZh0aX2DEc7eC0Mw=="],

    "turbo-linux-arm64": ["turbo-linux-arm64@2.6.1", "", { "os": "linux", "cpu": "arm64" }, "sha512-MFFh7AxAQAycXKuZDrbeutfWM5Ep0CEZ9u7zs4Hn2FvOViTCzIfEhmuJou3/a5+q5VX1zTxQrKGy+4Lf5cdpsA=="],

    "turbo-windows-64": ["turbo-windows-64@2.6.1", "", { "os": "win32", "cpu": "x64" }, "sha512-buq7/VAN7KOjMYi4tSZT5m+jpqyhbRU2EUTTvp6V0Ii8dAkY2tAAjQN1q5q2ByflYWKecbQNTqxmVploE0LVwQ=="],

    "turbo-windows-arm64": ["turbo-windows-arm64@2.6.1", "", { "os": "win32", "cpu": "arm64" }, "sha512-7w+AD5vJp3R+FB0YOj1YJcNcOOvBior7bcHTodqp90S3x3bLgpr7tE6xOea1e8JkP7GK6ciKVUpQvV7psiwU5Q=="],

    "typescript": ["typescript@6.0.2", "", { "bin": { "tsc": "bin/tsc", "tsserver": "bin/tsserver" } }, "sha512-bGdAIrZ0wiGDo5l8c++HWtbaNCWTS4UTv7RaTH/ThVIgjkveJt83m74bBHMJkuCbslY8ixgLBVZJIOiQlQTjfQ=="],

    "wrap-ansi": ["wrap-ansi@9.0.2", "", { "dependencies": { "ansi-styles": "^6.2.1", "string-width": "^7.0.0", "strip-ansi": "^7.1.0" } }, "sha512-42AtmgqjV+X1VpdOfyTGOYRi0/zsoLqtXQckTmqTeybT+BDIbM/Guxo7x3pE2vtpr1ok6xRqM9OpBe+Jyoqyww=="],

    "yaml": ["yaml@2.8.1", "", { "bin": { "yaml": "bin.mjs" } }, "sha512-lcYcMxX2PO9XMGvAJkJ3OsNMw+/7FKes7/hgerGUYWIoWu5j/+YQqcZr5JnPZWzOsEBgMbSbiSTn/dv/69Mkpw=="],

    "log-update/slice-ansi": ["slice-ansi@7.1.2", "", { "dependencies": { "ansi-styles": "^6.2.1", "is-fullwidth-code-point": "^5.0.0" } }, "sha512-iOBWFgUX7caIZiuutICxVgX1SdxwAVFFKwt1EvMYYec/NWO5meOJ6K5uQxhrYBdQJne4KxiqZc+KptFOWFSI9w=="],

    "wrap-ansi/string-width": ["string-width@7.2.0", "", { "dependencies": { "emoji-regex": "^10.3.0", "get-east-asian-width": "^1.0.0", "strip-ansi": "^7.1.0" } }, "sha512-tsaTIkKW9b4N+AEj+SVA+WhJzV7/zMhcSu78mLKWSk7cXMOSHsBKFWUs0fWwq8QyK3MgJBQRX6Gbi4kYbdvGkQ=="],
  }
}
